// !$*UTF8*$!
{
	archiveVersion = 1;
	classes = {
	};
	objectVersion = 46;
	objects = {

/* Begin PBXBuildFile section */
		D5A68A831EB15980007CF708 /* AppDelegate.swift in Sources */ = {isa = PBXBuildFile; fileRef = D5A68A821EB15980007CF708 /* AppDelegate.swift */; };
		D5A68A851EB15980007CF708 /* CardsViewController.swift in Sources */ = {isa = PBXBuildFile; fileRef = D5A68A841EB15980007CF708 /* CardsViewController.swift */; };
		D5A68A881EB15980007CF708 /* Main.storyboard in Resources */ = {isa = PBXBuildFile; fileRef = D5A68A861EB15980007CF708 /* Main.storyboard */; };
		D5A68A8A1EB15980007CF708 /* Assets.xcassets in Resources */ = {isa = PBXBuildFile; fileRef = D5A68A891EB15980007CF708 /* Assets.xcassets */; };
		D5A68A8D1EB15980007CF708 /* LaunchScreen.storyboard in Resources */ = {isa = PBXBuildFile; fileRef = D5A68A8B1EB15980007CF708 /* LaunchScreen.storyboard */; };
		D5AAD4B51EB16F1B00851E48 /* ProfileViewController.swift in Sources */ = {isa = PBXBuildFile; fileRef = D5AAD4B41EB16F1B00851E48 /* ProfileViewController.swift */; };
		D5AAD4B81EB17A6600851E48 /* BaseTransition.swift in Sources */ = {isa = PBXBuildFile; fileRef = D5AAD4B61EB17A6600851E48 /* BaseTransition.swift */; };
		D5AAD4BB1EB17AE700851E48 /* ImageTransition.swift in Sources */ = {isa = PBXBuildFile; fileRef = D5AAD4BA1EB17AE700851E48 /* ImageTransition.swift */; };
/* End PBXBuildFile section */

/* Begin PBXFileReference section */
		D5A68A7F1EB15980007CF708 /* codepath-tinder.app */ = {isa = PBXFileReference; explicitFileType = wrapper.application; includeInIndex = 0; path = "codepath-tinder.app"; sourceTree = BUILT_PRODUCTS_DIR; };
		D5A68A821EB15980007CF708 /* AppDelegate.swift */ = {isa = PBXFileReference; lastKnownFileType = sourcecode.swift; path = AppDelegate.swift; sourceTree = "<group>"; };
		D5A68A841EB15980007CF708 /* CardsViewController.swift */ = {isa = PBXFileReference; lastKnownFileType = sourcecode.swift; path = CardsViewController.swift; sourceTree = "<group>"; };
		D5A68A871EB15980007CF708 /* Base */ = {isa = PBXFileReference; lastKnownFileType = file.storyboard; name = Base; path = Base.lproj/Main.storyboard; sourceTree = "<group>"; };
		D5A68A891EB15980007CF708 /* Assets.xcassets */ = {isa = PBXFileReference; lastKnownFileType = folder.assetcatalog; path = Assets.xcassets; sourceTree = "<group>"; };
		D5A68A8C1EB15980007CF708 /* Base */ = {isa = PBXFileReference; lastKnownFileType = file.storyboard; name = Base; path = Base.lproj/LaunchScreen.storyboard; sourceTree = "<group>"; };
		D5A68A8E1EB15980007CF708 /* Info.plist */ = {isa = PBXFileReference; lastKnownFileType = text.plist.xml; path = Info.plist; sourceTree = "<group>"; };
		D5AAD4B41EB16F1B00851E48 /* ProfileViewController.swift */ = {isa = PBXFileReference; fileEncoding = 4; lastKnownFileType = sourcecode.swift; path = ProfileViewController.swift; sourceTree = "<group>"; };
		D5AAD4B61EB17A6600851E48 /* BaseTransition.swift */ = {isa = PBXFileReference; fileEncoding = 4; lastKnownFileType = sourcecode.swift; path = BaseTransition.swift; sourceTree = "<group>"; };
		D5AAD4BA1EB17AE700851E48 /* ImageTransition.swift */ = {isa = PBXFileReference; fileEncoding = 4; lastKnownFileType = sourcecode.swift; path = ImageTransition.swift; sourceTree = "<group>"; };
/* End PBXFileReference section */

/* Begin PBXFrameworksBuildPhase section */
		D5A68A7C1EB15980007CF708 /* Frameworks */ = {
			isa = PBXFrameworksBuildPhase;
			buildActionMask = 2147483647;
			files = (
			);
			runOnlyForDeploymentPostprocessing = 0;
		};
/* End PBXFrameworksBuildPhase section */

/* Begin PBXGroup section */
		D5A68A761EB15980007CF708 = {
			isa = PBXGroup;
			children = (
				D5A68A811EB15980007CF708 /* codepath-tinder */,
				D5A68A801EB15980007CF708 /* Products */,
			);
			sourceTree = "<group>";
		};
		D5A68A801EB15980007CF708 /* Products */ = {
			isa = PBXGroup;
			children = (
				D5A68A7F1EB15980007CF708 /* codepath-tinder.app */,
			);
			name = Products;
			sourceTree = "<group>";
		};
		D5A68A811EB15980007CF708 /* codepath-tinder */ = {
			isa = PBXGroup;
			children = (
				D5AAD4B61EB17A6600851E48 /* BaseTransition.swift */,
				D5AAD4BA1EB17AE700851E48 /* ImageTransition.swift */,
				D5A68A821EB15980007CF708 /* AppDelegate.swift */,
				D5A68A841EB15980007CF708 /* CardsViewController.swift */,
				D5AAD4B41EB16F1B00851E48 /* ProfileViewController.swift */,
				D5A68A861EB15980007CF708 /* Main.storyboard */,
				D5A68A891EB15980007CF708 /* Assets.xcassets */,
				D5A68A8B1EB15980007CF708 /* LaunchScreen.storyboard */,
				D5A68A8E1EB15980007CF708 /* Info.plist */,
			);
			path = "codepath-tinder";
			sourceTree = "<group>";
		};
/* End PBXGroup section */

/* Begin PBXNativeTarget section */
		D5A68A7E1EB15980007CF708 /* codepath-tinder */ = {
			isa = PBXNativeTarget;
			buildConfigurationList = D5A68A911EB15980007CF708 /* Build configuration list for PBXNativeTarget "codepath-tinder" */;
			buildPhases = (
				D5A68A7B1EB15980007CF708 /* Sources */,
				D5A68A7C1EB15980007CF708 /* Frameworks */,
				D5A68A7D1EB15980007CF708 /* Resources */,
			);
			buildRules = (
			);
			dependencies = (
			);
			name = "codepath-tinder";
			productName = "codepath-tinder";
			productReference = D5A68A7F1EB15980007CF708 /* codepath-tinder.app */;
			productType = "com.apple.product-type.application";
		};
/* End PBXNativeTarget section */

/* Begin PBXProject section */
		D5A68A771EB15980007CF708 /* Project object */ = {
			isa = PBXProject;
			attributes = {
				LastSwiftUpdateCheck = 0830;
				LastUpgradeCheck = 0830;
				ORGANIZATIONNAME = nickdonald;
				TargetAttributes = {
					D5A68A7E1EB15980007CF708 = {
						CreatedOnToolsVersion = 8.3;
						DevelopmentTeam = 3QT27T2PJ3;
						ProvisioningStyle = Automatic;
					};
				};
			};
			buildConfigurationList = D5A68A7A1EB15980007CF708 /* Build configuration list for PBXProject "codepath-tinder" */;
			compatibilityVersion = "Xcode 3.2";
			developmentRegion = English;
			hasScannedForEncodings = 0;
			knownRegions = (
				en,
				Base,
			);
			mainGroup = D5A68A761EB15980007CF708;
			productRefGroup = D5A68A801EB15980007CF708 /* Products */;
			projectDirPath = "";
			projectRoot = "";
			targets = (
				D5A68A7E1EB15980007CF708 /* codepath-tinder */,
			);
		};
/* End PBXProject section */

/* Begin PBXResourcesBuildPhase section */
		D5A68A7D1EB15980007CF708 /* Resources */ = {
			isa = PBXResourcesBuildPhase;
			buildActionMask = 2147483647;
			files = (
				D5A68A8D1EB15980007CF708 /* LaunchScreen.storyboard in Resources */,
				D5A68A8A1EB15980007CF708 /* Assets.xcassets in Resources */,
				D5A68A881EB15980007CF708 /* Main.storyboard in Resources */,
			);
			runOnlyForDeploymentPostprocessing = 0;
		};
/* End PBXResourcesBuildPhase section */

/* Begin PBXSourcesBuildPhase section */
		D5A68A7B1EB15980007CF708 /* Sources */ = {
			isa = PBXSourcesBuildPhase;
			buildActionMask = 2147483647;
			files = (
				D5AAD4B51EB16F1B00851E48 /* ProfileViewController.swift in Sources */,
				D5AAD4B81EB17A6600851E48 /* BaseTransition.swift in Sources */,
				D5A68A851EB15980007CF708 /* CardsViewController.swift in Sources */,
				D5AAD4BB1EB17AE700851E48 /* ImageTransition.swift in Sources */,
				D5A68A831EB15980007CF708 /* AppDelegate.swift in Sources */,
			);
			runOnlyForDeploymentPostprocessing = 0;
		};
/* End PBXSourcesBuildPhase section */

/* Begin PBXVariantGroup section */
		D5A68A861EB15980007CF708 /* Main.storyboard */ = {
			isa = PBXVariantGroup;
			children = (
				D5A68A871EB15980007CF708 /* Base */,
			);
			name = Main.storyboard;
			sourceTree = "<group>";
		};
		D5A68A8B1EB15980007CF708 /* LaunchScreen.storyboard */ = {
			isa = PBXVariantGroup;
			children = (
				D5A68A8C1EB15980007CF708 /* Base */,
			);
			name = LaunchScreen.storyboard;
			sourceTree = "<group>";
		};
/* End PBXVariantGroup section */

/* Begin XCBuildConfiguration section */
		D5A68A8F1EB15980007CF708 /* Debug */ = {
			isa = XCBuildConfiguration;
			buildSettings = {
				ALWAYS_SEARCH_USER_PATHS = NO;
				CLANG_ANALYZER_NONNULL = YES;
				CLANG_ANALYZER_NUMBER_OBJECT_CONVERSION = YES_AGGRESSIVE;
				CLANG_CXX_LANGUAGE_STANDARD = "gnu++0x";
				CLANG_CXX_LIBRARY = "libc++";
				CLANG_ENABLE_MODULES = YES;
				CLANG_ENABLE_OBJC_ARC = YES;
				CLANG_WARN_BOOL_CONVERSION = YES;
				CLANG_WARN_CONSTANT_CONVERSION = YES;
				CLANG_WARN_DIRECT_OBJC_ISA_USAGE = YES_ERROR;
				CLANG_WARN_DOCUMENTATION_COMMENTS = YES;
				CLANG_WARN_EMPTY_BODY = YES;
				CLANG_WARN_ENUM_CONVERSION = YES;
				CLANG_WARN_INFINITE_RECURSION = YES;
				CLANG_WARN_INT_CONVERSION = YES;
				CLANG_WARN_OBJC_ROOT_CLASS = YES_ERROR;
				CLANG_WARN_SUSPICIOUS_MOVE = YES;
				CLANG_WARN_UNREACHABLE_CODE = YES;
				CLANG_WARN__DUPLICATE_METHOD_MATCH = YES;
				"CODE_SIGN_IDENTITY[sdk=iphoneos*]" = "iPhone Developer";
				COPY_PHASE_STRIP = NO;
				DEBUG_INFORMATION_FORMAT = dwarf;
				ENABLE_STRICT_OBJC_MSGSEND = YES;
				ENABLE_TESTABILITY = YES;
				GCC_C_LANGUAGE_STANDARD = gnu99;
				GCC_DYNAMIC_NO_PIC = NO;
				GCC_NO_COMMON_BLOCKS = YES;
				GCC_OPTIMIZATION_LEVEL = 0;
				GCC_PREPROCESSOR_DEFINITIONS = (
					"DEBUG=1",
					"$(inherited)",
				);
				GCC_WARN_64_TO_32_BIT_CONVERSION = YES;
				GCC_WARN_ABOUT_RETURN_TYPE = YES_ERROR;
				GCC_WARN_UNDECLARED_SELECTOR = YES;
				GCC_WARN_UNINITIALIZED_AUTOS = YES_AGGRESSIVE;
				GCC_WARN_UNUSED_FUNCTION = YES;
				GCC_WARN_UNUSED_VARIABLE = YES;
				IPHONEOS_DEPLOYMENT_TARGET = 10.3;
				MTL_ENABLE_DEBUG_INFO = YES;
				ONLY_ACTIVE_ARCH = YES;
				SDKROOT = iphoneos;
				SWIFT_ACTIVE_COMPILATION_CONDITIONS = DEBUG;
				SWIFT_OPTIMIZATION_LEVEL = "-Onone";
			};
			name = Debug;
		};
		D5A68A901EB15980007CF708 /* Release */ = {
			isa = XCBuildConfiguration;
			buildSettings = {
				ALWAYS_SEARCH_USER_PATHS = NO;
				CLANG_ANALYZER_NONNULL = YES;
				CLANG_ANALYZER_NUMBER_OBJECT_CONVERSION = YES_AGGRESSIVE;
				CLANG_CXX_LANGUAGE_STANDARD = "gnu++0x";
				CLANG_CXX_LIBRARY = "libc++";
				CLANG_ENABLE_MODULES = YES;
				CLANG_ENABLE_OBJC_ARC = YES;
				CLANG_WARN_BOOL_CONVERSION = YES;
				CLANG_WARN_CONSTANT_CONVERSION = YES;
				CLANG_WARN_DIRECT_OBJC_ISA_USAGE = YES_ERROR;
				CLANG_WARN_DOCUMENTATION_COMMENTS = YES;
				CLANG_WARN_EMPTY_BODY = YES;
				CLANG_WARN_ENUM_CONVERSION = YES;
				CLANG_WARN_INFINITE_RECURSION = YES;
				CLANG_WARN_INT_CONVERSION = YES;
				CLANG_WARN_OBJC_ROOT_CLASS = YES_ERROR;
				CLANG_WARN_SUSPICIOUS_MOVE = YES;
				CLANG_WARN_UNREACHABLE_CODE = YES;
				CLANG_WARN__DUPLICATE_METHOD_MATCH = YES;
				"CODE_SIGN_IDENTITY[sdk=iphoneos*]" = "iPhone Developer";
				COPY_PHASE_STRIP = NO;
				DEBUG_INFORMATION_FORMAT = "dwarf-with-dsym";
				ENABLE_NS_ASSERTIONS = NO;
				ENABLE_STRICT_OBJC_MSGSEND = YES;
				GCC_C_LANGUAGE_STANDARD = gnu99;
				GCC_NO_COMMON_BLOCKS = YES;
				GCC_WARN_64_TO_32_BIT_CONVERSION = YES;
				GCC_WARN_ABOUT_RETURN_TYPE = YES_ERROR;
				GCC_WARN_UNDECLARED_SELECTOR = YES;
				GCC_WARN_UNINITIALIZED_AUTOS = YES_AGGRESSIVE;
				GCC_WARN_UNUSED_FUNCTION = YES;
				GCC_WARN_UNUSED_VARIABLE = YES;
				IPHONEOS_DEPLOYMENT_TARGET = 10.3;
				MTL_ENABLE_DEBUG_INFO = NO;
				SDKROOT = iphoneos;
				SWIFT_OPTIMIZATION_LEVEL = "-Owholemodule";
				VALIDATE_PRODUCT = YES;
			};
			name = Release;
		};
		D5A68A921EB15980007CF708 /* Debug */ = {
			isa = XCBuildConfiguration;
			buildSettings = {
				ASSETCATALOG_COMPILER_APPICON_NAME = AppIcon;
				DEVELOPMENT_TEAM = 3QT27T2PJ3;
				INFOPLIST_FILE = "codepath-tinder/Info.plist";
				LD_RUNPATH_SEARCH_PATHS = "$(inherited) @executable_path/Frameworks";
				PRODUCT_BUNDLE_IDENTIFIER = "com.nickdonald.codepath-tinder";
				PRODUCT_NAME = "$(TARGET_NAME)";
				SWIFT_VERSION = 3.0;
			};
			name = Debug;
		};
		D5A68A931EB15980007CF708 /* Release */ = {
			isa = XCBuildConfiguration;
			buildSettings = {
				ASSETCATALOG_COMPILER_APPICON_NAME = AppIcon;
				DEVELOPMENT_TEAM = 3QT27T2PJ3;
				INFOPLIST_FILE = "codepath-tinder/Info.plist";
				LD_RUNPATH_SEARCH_PATHS = "$(inherited) @executable_path/Frameworks";
				PRODUCT_BUNDLE_IDENTIFIER = "com.nickdonald.codepath-tinder";
				PRODUCT_NAME = "$(TARGET_NAME)";
				SWIFT_VERSION = 3.0;
			};
			name = Release;
		};
/* End XCBuildConfiguration section */

/* Begin XCConfigurationList section */
		D5A68A7A1EB15980007CF708 /* Build configuration list for PBXProject "codepath-tinder" */ = {
			isa = XCConfigurationList;
			buildConfigurations = (
				D5A68A8F1EB15980007CF708 /* Debug */,
				D5A68A901EB15980007CF708 /* Release */,
			);
			defaultConfigurationIsVisible = 0;
			defaultConfigurationName = Release;
		};
		D5A68A911EB15980007CF708 /* Build configuration list for PBXNativeTarget "codepath-tinder" */ = {
			isa = XCConfigurationList;
			buildConfigurations = (
				D5A68A921EB15980007CF708 /* Debug */,
				D5A68A931EB15980007CF708 /* Release */,
			);
			defaultConfigurationIsVisible = 0;
			defaultConfigurationName = Release;
		};
/* End XCConfigurationList section */
	};
	rootObject = D5A68A771EB15980007CF708 /* Project object */;
}
